{
  "version": 4,
  "terraform_version": "1.1.9",
  "serial": 146,
  "lineage": "865f6490-2165-9fbb-c608-0f7529d6087e",
  "outputs": {
    "bastion_host_linuxvm_public_ip_address": {
      "value": "40.69.153.244",
      "type": "string"
    },
    "virtual_network_id": {
      "value": "/subscriptions/30ac425c-ea17-4b90-badf-2af77b724338/resourceGroups/hr-dev-rg-fudgne/providers/Microsoft.Network/virtualNetworks/hr-dev-vnet",
      "type": "string"
    },
    "virtual_network_name": {
      "value": "hr-dev-vnet",
      "type": "string"
    },
    "web_linuxvm_network_interface_id": {
      "value": [
        "/subscriptions/30ac425c-ea17-4b90-badf-2af77b724338/resourceGroups/hr-dev-rg-fudgne/providers/Microsoft.Network/networkInterfaces/hr-dev-web-linuxvm-nic-0",
        "/subscriptions/30ac425c-ea17-4b90-badf-2af77b724338/resourceGroups/hr-dev-rg-fudgne/providers/Microsoft.Network/networkInterfaces/hr-dev-web-linuxvm-nic-1"
      ],
      "type": [
        "tuple",
        [
          "string",
          "string"
        ]
      ]
    },
    "web_linuxvm_network_interface_private_ip_addresses": {
      "value": [
        [
          [
            "10.1.1.5"
          ],
          [
            "10.1.1.4"
          ]
        ]
      ],
      "type": [
        "tuple",
        [
          [
            "tuple",
            [
              [
                "list",
                "string"
              ],
              [
                "list",
                "string"
              ]
            ]
          ]
        ]
      ]
    },
    "web_linuxvm_private_ip_address": {
      "value": [
        "10.1.1.5",
        "10.1.1.4"
      ],
      "type": [
        "tuple",
        [
          "string",
          "string"
        ]
      ]
    },
    "web_linuxvm_virtual_machine_id": {
      "value": [
        "/subscriptions/30ac425c-ea17-4b90-badf-2af77b724338/resourceGroups/hr-dev-rg-fudgne/providers/Microsoft.Compute/virtualMachines/hr-dev-web-linuxvm-0",
        "/subscriptions/30ac425c-ea17-4b90-badf-2af77b724338/resourceGroups/hr-dev-rg-fudgne/providers/Microsoft.Compute/virtualMachines/hr-dev-web-linuxvm-1"
      ],
      "type": [
        "tuple",
        [
          "string",
          "string"
        ]
      ]
    },
    "web_linuxvm_virtual_machine_id_128bit": {
      "value": [
        "f2bda8e8-e3b1-491b-bcc7-fd13265a5c56",
        "04b4fef3-baef-4733-a1fb-43cd5df5723c"
      ],
      "type": [
        "tuple",
        [
          "string",
          "string"
        ]
      ]
    },
    "web_subnet_id": {
      "value": "/subscriptions/30ac425c-ea17-4b90-badf-2af77b724338/resourceGroups/hr-dev-rg-fudgne/providers/Microsoft.Network/virtualNetworks/hr-dev-vnet/subnets/hr-dev-vnet-websubnet",
      "type": "string"
    },
    "web_subnet_name": {
      "value": "hr-dev-vnet-websubnet",
      "type": "string"
    },
    "web_subnet_nsg_id": {
      "value": "/subscriptions/30ac425c-ea17-4b90-badf-2af77b724338/resourceGroups/hr-dev-rg-fudgne/providers/Microsoft.Network/networkSecurityGroups/hr-dev-vnet-websubnet-nsg",
      "type": "string"
    },
    "web_subnet_nsg_name": {
      "value": "hr-dev-vnet-websubnet-nsg",
      "type": "string"
    }
  },
  "resources": [
    {
      "mode": "managed",
      "type": "azurerm_lb",
      "name": "web_lb",
      "provider": "provider[\"registry.terraform.io/hashicorp/azurerm\"]",
      "instances": [
        {
          "schema_version": 0,
          "attributes": {
            "edge_zone": "",
            "frontend_ip_configuration": [
              {
                "gateway_load_balancer_frontend_ip_configuration_id": "",
                "id": "/subscriptions/30ac425c-ea17-4b90-badf-2af77b724338/resourceGroups/hr-dev-rg-fudgne/providers/Microsoft.Network/loadBalancers/hr-dev-web-lb/frontendIPConfigurations/web-lb-publicip-1",
                "inbound_nat_rules": [],
                "load_balancer_rules": [],
                "name": "web-lb-publicip-1",
                "outbound_rules": [],
                "private_ip_address": "",
                "private_ip_address_allocation": "Dynamic",
                "private_ip_address_version": "",
                "public_ip_address_id": "/subscriptions/30ac425c-ea17-4b90-badf-2af77b724338/resourceGroups/hr-dev-rg-fudgne/providers/Microsoft.Network/publicIPAddresses/hr-dev-lbpublicip",
                "public_ip_prefix_id": "",
                "subnet_id": "",
                "zones": null
              }
            ],
            "id": "/subscriptions/30ac425c-ea17-4b90-badf-2af77b724338/resourceGroups/hr-dev-rg-fudgne/providers/Microsoft.Network/loadBalancers/hr-dev-web-lb",
            "location": "centralus",
            "name": "hr-dev-web-lb",
            "private_ip_address": "",
            "private_ip_addresses": [],
            "resource_group_name": "hr-dev-rg-fudgne",
            "sku": "Standard",
            "sku_tier": "Regional",
            "tags": null,
            "timeouts": null
          },
          "sensitive_attributes": [],
          "private": "eyJlMmJmYjczMC1lY2FhLTExZTYtOGY4OC0zNDM2M2JjN2M0YzAiOnsiY3JlYXRlIjoxODAwMDAwMDAwMDAwLCJkZWxldGUiOjE4MDAwMDAwMDAwMDAsInJlYWQiOjMwMDAwMDAwMDAwMCwidXBkYXRlIjoxODAwMDAwMDAwMDAwfX0=",
          "dependencies": [
            "azurerm_public_ip.web_lbpublicip",
            "azurerm_resource_group.rg",
            "random_string.myrandom"
          ]
        }
      ]
    },
    {
      "mode": "managed",
      "type": "azurerm_lb_backend_address_pool",
      "name": "web_lb_backend_address_pool",
      "provider": "provider[\"registry.terraform.io/hashicorp/azurerm\"]",
      "instances": [
        {
          "schema_version": 0,
          "attributes": {
            "backend_ip_configurations": [],
            "id": "/subscriptions/30ac425c-ea17-4b90-badf-2af77b724338/resourceGroups/hr-dev-rg-fudgne/providers/Microsoft.Network/loadBalancers/hr-dev-web-lb/backendAddressPools/web-backend",
            "load_balancing_rules": [],
            "loadbalancer_id": "/subscriptions/30ac425c-ea17-4b90-badf-2af77b724338/resourceGroups/hr-dev-rg-fudgne/providers/Microsoft.Network/loadBalancers/hr-dev-web-lb",
            "name": "web-backend",
            "outbound_rules": [],
            "timeouts": null,
            "tunnel_interface": []
          },
          "sensitive_attributes": [],
          "private": "eyJlMmJmYjczMC1lY2FhLTExZTYtOGY4OC0zNDM2M2JjN2M0YzAiOnsiY3JlYXRlIjoxODAwMDAwMDAwMDAwLCJkZWxldGUiOjE4MDAwMDAwMDAwMDAsInJlYWQiOjMwMDAwMDAwMDAwMCwidXBkYXRlIjoxODAwMDAwMDAwMDAwfX0=",
          "dependencies": [
            "azurerm_lb.web_lb",
            "azurerm_public_ip.web_lbpublicip",
            "azurerm_resource_group.rg",
            "random_string.myrandom"
          ]
        }
      ]
    },
    {
      "mode": "managed",
      "type": "azurerm_lb_nat_rule",
      "name": "web_lb_inbound_nat_rule_22",
      "provider": "provider[\"registry.terraform.io/hashicorp/azurerm\"]",
      "instances": [
        {
          "index_key": 0,
          "schema_version": 0,
          "attributes": {
            "backend_ip_configuration_id": "",
            "backend_port": 22,
            "enable_floating_ip": false,
            "enable_tcp_reset": false,
            "frontend_ip_configuration_id": "/subscriptions/30ac425c-ea17-4b90-badf-2af77b724338/resourceGroups/hr-dev-rg-fudgne/providers/Microsoft.Network/loadBalancers/hr-dev-web-lb/frontendIPConfigurations/web-lb-publicip-1",
            "frontend_ip_configuration_name": "web-lb-publicip-1",
            "frontend_port": 1022,
            "id": "/subscriptions/30ac425c-ea17-4b90-badf-2af77b724338/resourceGroups/hr-dev-rg-fudgne/providers/Microsoft.Network/loadBalancers/hr-dev-web-lb/inboundNatRules/vm-0-ssh-1022-vm-22",
            "idle_timeout_in_minutes": 4,
            "loadbalancer_id": "/subscriptions/30ac425c-ea17-4b90-badf-2af77b724338/resourceGroups/hr-dev-rg-fudgne/providers/Microsoft.Network/loadBalancers/hr-dev-web-lb",
            "name": "vm-0-ssh-1022-vm-22",
            "protocol": "Tcp",
            "resource_group_name": "hr-dev-rg-fudgne",
            "timeouts": null
          },
          "sensitive_attributes": [],
          "private": "eyJlMmJmYjczMC1lY2FhLTExZTYtOGY4OC0zNDM2M2JjN2M0YzAiOnsiY3JlYXRlIjoxODAwMDAwMDAwMDAwLCJkZWxldGUiOjE4MDAwMDAwMDAwMDAsInJlYWQiOjMwMDAwMDAwMDAwMCwidXBkYXRlIjoxODAwMDAwMDAwMDAwfX0=",
          "dependencies": [
            "azurerm_lb.web_lb",
            "azurerm_linux_virtual_machine.web_linuxvm",
            "azurerm_network_interface.web_linuxvm_nic",
            "azurerm_public_ip.web_lbpublicip",
            "azurerm_resource_group.rg",
            "azurerm_subnet.websubnet",
            "azurerm_virtual_network.vnet",
            "random_string.myrandom"
          ]
        },
        {
          "index_key": 1,
          "schema_version": 0,
          "attributes": {
            "backend_ip_configuration_id": "",
            "backend_port": 22,
            "enable_floating_ip": false,
            "enable_tcp_reset": false,
            "frontend_ip_configuration_id": "/subscriptions/30ac425c-ea17-4b90-badf-2af77b724338/resourceGroups/hr-dev-rg-fudgne/providers/Microsoft.Network/loadBalancers/hr-dev-web-lb/frontendIPConfigurations/web-lb-publicip-1",
            "frontend_ip_configuration_name": "web-lb-publicip-1",
            "frontend_port": 2022,
            "id": "/subscriptions/30ac425c-ea17-4b90-badf-2af77b724338/resourceGroups/hr-dev-rg-fudgne/providers/Microsoft.Network/loadBalancers/hr-dev-web-lb/inboundNatRules/vm-1-ssh-2022-vm-22",
            "idle_timeout_in_minutes": 4,
            "loadbalancer_id": "/subscriptions/30ac425c-ea17-4b90-badf-2af77b724338/resourceGroups/hr-dev-rg-fudgne/providers/Microsoft.Network/loadBalancers/hr-dev-web-lb",
            "name": "vm-1-ssh-2022-vm-22",
            "protocol": "Tcp",
            "resource_group_name": "hr-dev-rg-fudgne",
            "timeouts": null
          },
          "sensitive_attributes": [],
          "private": "eyJlMmJmYjczMC1lY2FhLTExZTYtOGY4OC0zNDM2M2JjN2M0YzAiOnsiY3JlYXRlIjoxODAwMDAwMDAwMDAwLCJkZWxldGUiOjE4MDAwMDAwMDAwMDAsInJlYWQiOjMwMDAwMDAwMDAwMCwidXBkYXRlIjoxODAwMDAwMDAwMDAwfX0=",
          "dependencies": [
            "azurerm_lb.web_lb",
            "azurerm_linux_virtual_machine.web_linuxvm",
            "azurerm_network_interface.web_linuxvm_nic",
            "azurerm_public_ip.web_lbpublicip",
            "azurerm_resource_group.rg",
            "azurerm_subnet.websubnet",
            "azurerm_virtual_network.vnet",
            "random_string.myrandom"
          ]
        }
      ]
    },
    {
      "mode": "managed",
      "type": "azurerm_lb_probe",
      "name": "web_lb_probe",
      "provider": "provider[\"registry.terraform.io/hashicorp/azurerm\"]",
      "instances": [
        {
          "schema_version": 0,
          "attributes": {
            "id": "/subscriptions/30ac425c-ea17-4b90-badf-2af77b724338/resourceGroups/hr-dev-rg-fudgne/providers/Microsoft.Network/loadBalancers/hr-dev-web-lb/probes/tcp-probe",
            "interval_in_seconds": 15,
            "load_balancer_rules": [],
            "loadbalancer_id": "/subscriptions/30ac425c-ea17-4b90-badf-2af77b724338/resourceGroups/hr-dev-rg-fudgne/providers/Microsoft.Network/loadBalancers/hr-dev-web-lb",
            "name": "tcp-probe",
            "number_of_probes": 2,
            "port": 80,
            "protocol": "Tcp",
            "request_path": "",
            "timeouts": null
          },
          "sensitive_attributes": [],
          "private": "eyJlMmJmYjczMC1lY2FhLTExZTYtOGY4OC0zNDM2M2JjN2M0YzAiOnsiY3JlYXRlIjoxODAwMDAwMDAwMDAwLCJkZWxldGUiOjE4MDAwMDAwMDAwMDAsInJlYWQiOjMwMDAwMDAwMDAwMCwidXBkYXRlIjoxODAwMDAwMDAwMDAwfX0=",
          "dependencies": [
            "azurerm_lb.web_lb",
            "azurerm_public_ip.web_lbpublicip",
            "azurerm_resource_group.rg",
            "random_string.myrandom"
          ]
        }
      ]
    },
    {
      "mode": "managed",
      "type": "azurerm_lb_rule",
      "name": "web_lb_rule_app1",
      "provider": "provider[\"registry.terraform.io/hashicorp/azurerm\"]",
      "instances": [
        {
          "schema_version": 0,
          "attributes": {
            "backend_address_pool_ids": [
              "/subscriptions/30ac425c-ea17-4b90-badf-2af77b724338/resourceGroups/hr-dev-rg-fudgne/providers/Microsoft.Network/loadBalancers/hr-dev-web-lb/backendAddressPools/web-backend"
            ],
            "backend_port": 80,
            "disable_outbound_snat": false,
            "enable_floating_ip": false,
            "enable_tcp_reset": false,
            "frontend_ip_configuration_id": "/subscriptions/30ac425c-ea17-4b90-badf-2af77b724338/resourceGroups/hr-dev-rg-fudgne/providers/Microsoft.Network/loadBalancers/hr-dev-web-lb/frontendIPConfigurations/web-lb-publicip-1",
            "frontend_ip_configuration_name": "web-lb-publicip-1",
            "frontend_port": 80,
            "id": "/subscriptions/30ac425c-ea17-4b90-badf-2af77b724338/resourceGroups/hr-dev-rg-fudgne/providers/Microsoft.Network/loadBalancers/hr-dev-web-lb/loadBalancingRules/web-app1-rule",
            "idle_timeout_in_minutes": 4,
            "load_distribution": "Default",
            "loadbalancer_id": "/subscriptions/30ac425c-ea17-4b90-badf-2af77b724338/resourceGroups/hr-dev-rg-fudgne/providers/Microsoft.Network/loadBalancers/hr-dev-web-lb",
            "name": "web-app1-rule",
            "probe_id": "/subscriptions/30ac425c-ea17-4b90-badf-2af77b724338/resourceGroups/hr-dev-rg-fudgne/providers/Microsoft.Network/loadBalancers/hr-dev-web-lb/probes/tcp-probe",
            "protocol": "Tcp",
            "timeouts": null
          },
          "sensitive_attributes": [],
          "private": "eyJlMmJmYjczMC1lY2FhLTExZTYtOGY4OC0zNDM2M2JjN2M0YzAiOnsiY3JlYXRlIjoxODAwMDAwMDAwMDAwLCJkZWxldGUiOjE4MDAwMDAwMDAwMDAsInJlYWQiOjMwMDAwMDAwMDAwMCwidXBkYXRlIjoxODAwMDAwMDAwMDAwfX0=",
          "dependencies": [
            "azurerm_lb.web_lb",
            "azurerm_lb_backend_address_pool.web_lb_backend_address_pool",
            "azurerm_lb_probe.web_lb_probe",
            "azurerm_public_ip.web_lbpublicip",
            "azurerm_resource_group.rg",
            "random_string.myrandom"
          ]
        }
      ]
    },
    {
      "mode": "managed",
      "type": "azurerm_linux_virtual_machine",
      "name": "web_linuxvm",
      "provider": "provider[\"registry.terraform.io/hashicorp/azurerm\"]",
      "instances": [
        {
          "index_key": 0,
          "schema_version": 0,
          "attributes": {
            "additional_capabilities": [],
            "admin_password": null,
            "admin_ssh_key": [
              {
                "public_key": "ssh-rsa AAAAB3NzaC1yc2EAAAADAQABAAACAQDXdh4vmWxsgdg43Vj0hykIk36uqxoRqGlEuSRiFvZNgY+bbmgjamJG27C2kj0Zzw8R1V2w0hulF5syLqGeOFpLUqHVLd6P+p5nzDUymDGUvzMxKilOajMQxFD8BacZh6GM1y0PGrZtgh5e5jUb5PbsXE/J6qnH8Bq94SYgfIwZaW86pMoHXQBPD6CRvGsS5QDbALyBN729T95kYUCztP8T7DlCnMgIErR4U1Klij+DGPhOsb/oIzmdbevU3mIyvkuq/Fyfx3TEZtRMlqdA1pAo7qe9cINR44KAA4BPIXsgJ2VXDBtLI0SqDVz6z+RH6U8ksRK/PB+v0gB+7FrQOVS4Nyb4miAlLhzOklENsEquiROs+Euo7NLixRGIQxzd6jx+uv3Ye6ARgixrTVFpxNRhXRoFNVmbbnLeUJ/CEJ89sqB6tvNsOTAzwOn0pCO9pFu9r0LZSmB/4y8GdYPCIjjV7jXBlErf0+Z4QsYv1uFzNzkoRMow8zEuOjiE70caJ11DdtDAIhX+r2dadtOBM6vngV1AwpVaPScMcG/pccDKsekznfS4IXcEuNTbGd5qg3K0/WN/CkqINGojtCkTTJvyBTQ/ibFBc4KAEh26cotNDr/T6x9oCN/FQkKTV33tqaYXHgxmna42yabCURY61jjWZKbOGGwOQHq7cZ8Le81hiw== azureuser@myserver\n",
                "username": "azureuser"
              }
            ],
            "admin_username": "azureuser",
            "allow_extension_operations": true,
            "availability_set_id": "",
            "boot_diagnostics": [],
            "computer_name": "hr-dev-web-linuxvm-0",
            "custom_data": "IyEvYmluL3NoCiNzdWRvIHl1bSB1cGRhdGUgLXkKc3VkbyB5dW0gaW5zdGFsbCAteSBodHRwZApzdWRvIHN5c3RlbWN0bCBlbmFibGUgaHR0cGQKc3VkbyBzeXN0ZW1jdGwgc3RhcnQgaHR0cGQgIApzdWRvIHN5c3RlbWN0bCBzdG9wIGZpcmV3YWxsZApzdWRvIHN5c3RlbWN0bCBkaXNhYmxlIGZpcmV3YWxsZApzdWRvIGNobW9kIC1SIDc3NyAvdmFyL3d3dy9odG1sIApzdWRvIGVjaG8gIldlbGNvbWUgdG8gc3RhY2tzaW1wbGlmeSAtIFdlYlZNIEFwcDEgLSBWTSBIb3N0bmFtZTogJChob3N0bmFtZSkiID4gL3Zhci93d3cvaHRtbC9pbmRleC5odG1sCnN1ZG8gbWtkaXIgL3Zhci93d3cvaHRtbC9hcHAxCnN1ZG8gZWNobyAiV2VsY29tZSB0byBzdGFja3NpbXBsaWZ5IC0gV2ViVk0gQXBwMSAtIFZNIEhvc3RuYW1lOiAkKGhvc3RuYW1lKSIgPiAvdmFyL3d3dy9odG1sL2FwcDEvaG9zdG5hbWUuaHRtbApzdWRvIGVjaG8gIldlbGNvbWUgdG8gc3RhY2tzaW1wbGlmeSAtIFdlYlZNIEFwcDEgLSBBcHAgU3RhdHVzIFBhZ2UiID4gL3Zhci93d3cvaHRtbC9hcHAxL3N0YXR1cy5odG1sCnN1ZG8gZWNobyAnPCFET0NUWVBFIGh0bWw+IDxodG1sPiA8Ym9keSBzdHlsZT0iYmFja2dyb3VuZC1jb2xvcjpyZ2IoMjUwLCAyMTAsIDIxMCk7Ij4gPGgxPldlbGNvbWUgdG8gU3RhY2sgU2ltcGxpZnkgLSBXZWJWTSBBUFAtMSA8L2gxPiA8cD5UZXJyYWZvcm0gRGVtbzwvcD4gPHA+QXBwbGljYXRpb24gVmVyc2lvbjogVjE8L3A+IDwvYm9keT48L2h0bWw+JyB8IHN1ZG8gdGVlIC92YXIvd3d3L2h0bWwvYXBwMS9pbmRleC5odG1sCnN1ZG8gY3VybCAtSCAiTWV0YWRhdGE6dHJ1ZSIgLS1ub3Byb3h5ICIqIiAiaHR0cDovLzE2OS4yNTQuMTY5LjI1NC9tZXRhZGF0YS9pbnN0YW5jZT9hcGktdmVyc2lvbj0yMDIwLTA5LTAxIiAtbyAvdmFyL3d3dy9odG1sL2FwcDEvbWV0YWRhdGEuaHRtbAo=",
            "dedicated_host_group_id": "",
            "dedicated_host_id": "",
            "disable_password_authentication": true,
            "edge_zone": "",
            "encryption_at_host_enabled": false,
            "eviction_policy": "",
            "extensions_time_budget": "PT1H30M",
            "id": "/subscriptions/30ac425c-ea17-4b90-badf-2af77b724338/resourceGroups/hr-dev-rg-fudgne/providers/Microsoft.Compute/virtualMachines/hr-dev-web-linuxvm-0",
            "identity": [],
            "license_type": "",
            "location": "centralus",
            "max_bid_price": -1,
            "name": "hr-dev-web-linuxvm-0",
            "network_interface_ids": [
              "/subscriptions/30ac425c-ea17-4b90-badf-2af77b724338/resourceGroups/hr-dev-rg-fudgne/providers/Microsoft.Network/networkInterfaces/hr-dev-web-linuxvm-nic-0"
            ],
            "os_disk": [
              {
                "caching": "ReadWrite",
                "diff_disk_settings": [],
                "disk_encryption_set_id": "",
                "disk_size_gb": 64,
                "name": "hr-dev-web-linuxvm-0_OsDisk_1_9381ed50a1b3439cab432ab9da5b793d",
                "storage_account_type": "Standard_LRS",
                "write_accelerator_enabled": false
              }
            ],
            "patch_mode": "ImageDefault",
            "plan": [],
            "platform_fault_domain": -1,
            "priority": "Regular",
            "private_ip_address": "10.1.1.5",
            "private_ip_addresses": [
              "10.1.1.5"
            ],
            "provision_vm_agent": true,
            "proximity_placement_group_id": "",
            "public_ip_address": "",
            "public_ip_addresses": [],
            "resource_group_name": "hr-dev-rg-fudgne",
            "secret": [],
            "secure_boot_enabled": false,
            "size": "Standard_DS1",
            "source_image_id": "",
            "source_image_reference": [
              {
                "offer": "RHEL",
                "publisher": "RedHat",
                "sku": "7lvm-gen2",
                "version": "latest"
              }
            ],
            "tags": null,
            "termination_notification": null,
            "timeouts": null,
            "user_data": "",
            "virtual_machine_id": "f2bda8e8-e3b1-491b-bcc7-fd13265a5c56",
            "virtual_machine_scale_set_id": "",
            "vtpm_enabled": false,
            "zone": ""
          },
          "sensitive_attributes": [],
          "private": "eyJlMmJmYjczMC1lY2FhLTExZTYtOGY4OC0zNDM2M2JjN2M0YzAiOnsiY3JlYXRlIjoyNzAwMDAwMDAwMDAwLCJkZWxldGUiOjI3MDAwMDAwMDAwMDAsInJlYWQiOjMwMDAwMDAwMDAwMCwidXBkYXRlIjoyNzAwMDAwMDAwMDAwfX0=",
          "dependencies": [
            "azurerm_network_interface.web_linuxvm_nic",
            "azurerm_resource_group.rg",
            "azurerm_subnet.websubnet",
            "azurerm_virtual_network.vnet",
            "random_string.myrandom"
          ]
        },
        {
          "index_key": 1,
          "schema_version": 0,
          "attributes": {
            "additional_capabilities": [],
            "admin_password": null,
            "admin_ssh_key": [
              {
                "public_key": "ssh-rsa AAAAB3NzaC1yc2EAAAADAQABAAACAQDXdh4vmWxsgdg43Vj0hykIk36uqxoRqGlEuSRiFvZNgY+bbmgjamJG27C2kj0Zzw8R1V2w0hulF5syLqGeOFpLUqHVLd6P+p5nzDUymDGUvzMxKilOajMQxFD8BacZh6GM1y0PGrZtgh5e5jUb5PbsXE/J6qnH8Bq94SYgfIwZaW86pMoHXQBPD6CRvGsS5QDbALyBN729T95kYUCztP8T7DlCnMgIErR4U1Klij+DGPhOsb/oIzmdbevU3mIyvkuq/Fyfx3TEZtRMlqdA1pAo7qe9cINR44KAA4BPIXsgJ2VXDBtLI0SqDVz6z+RH6U8ksRK/PB+v0gB+7FrQOVS4Nyb4miAlLhzOklENsEquiROs+Euo7NLixRGIQxzd6jx+uv3Ye6ARgixrTVFpxNRhXRoFNVmbbnLeUJ/CEJ89sqB6tvNsOTAzwOn0pCO9pFu9r0LZSmB/4y8GdYPCIjjV7jXBlErf0+Z4QsYv1uFzNzkoRMow8zEuOjiE70caJ11DdtDAIhX+r2dadtOBM6vngV1AwpVaPScMcG/pccDKsekznfS4IXcEuNTbGd5qg3K0/WN/CkqINGojtCkTTJvyBTQ/ibFBc4KAEh26cotNDr/T6x9oCN/FQkKTV33tqaYXHgxmna42yabCURY61jjWZKbOGGwOQHq7cZ8Le81hiw== azureuser@myserver\n",
                "username": "azureuser"
              }
            ],
            "admin_username": "azureuser",
            "allow_extension_operations": true,
            "availability_set_id": "",
            "boot_diagnostics": [],
            "computer_name": "hr-dev-web-linuxvm-1",
            "custom_data": "IyEvYmluL3NoCiNzdWRvIHl1bSB1cGRhdGUgLXkKc3VkbyB5dW0gaW5zdGFsbCAteSBodHRwZApzdWRvIHN5c3RlbWN0bCBlbmFibGUgaHR0cGQKc3VkbyBzeXN0ZW1jdGwgc3RhcnQgaHR0cGQgIApzdWRvIHN5c3RlbWN0bCBzdG9wIGZpcmV3YWxsZApzdWRvIHN5c3RlbWN0bCBkaXNhYmxlIGZpcmV3YWxsZApzdWRvIGNobW9kIC1SIDc3NyAvdmFyL3d3dy9odG1sIApzdWRvIGVjaG8gIldlbGNvbWUgdG8gc3RhY2tzaW1wbGlmeSAtIFdlYlZNIEFwcDEgLSBWTSBIb3N0bmFtZTogJChob3N0bmFtZSkiID4gL3Zhci93d3cvaHRtbC9pbmRleC5odG1sCnN1ZG8gbWtkaXIgL3Zhci93d3cvaHRtbC9hcHAxCnN1ZG8gZWNobyAiV2VsY29tZSB0byBzdGFja3NpbXBsaWZ5IC0gV2ViVk0gQXBwMSAtIFZNIEhvc3RuYW1lOiAkKGhvc3RuYW1lKSIgPiAvdmFyL3d3dy9odG1sL2FwcDEvaG9zdG5hbWUuaHRtbApzdWRvIGVjaG8gIldlbGNvbWUgdG8gc3RhY2tzaW1wbGlmeSAtIFdlYlZNIEFwcDEgLSBBcHAgU3RhdHVzIFBhZ2UiID4gL3Zhci93d3cvaHRtbC9hcHAxL3N0YXR1cy5odG1sCnN1ZG8gZWNobyAnPCFET0NUWVBFIGh0bWw+IDxodG1sPiA8Ym9keSBzdHlsZT0iYmFja2dyb3VuZC1jb2xvcjpyZ2IoMjUwLCAyMTAsIDIxMCk7Ij4gPGgxPldlbGNvbWUgdG8gU3RhY2sgU2ltcGxpZnkgLSBXZWJWTSBBUFAtMSA8L2gxPiA8cD5UZXJyYWZvcm0gRGVtbzwvcD4gPHA+QXBwbGljYXRpb24gVmVyc2lvbjogVjE8L3A+IDwvYm9keT48L2h0bWw+JyB8IHN1ZG8gdGVlIC92YXIvd3d3L2h0bWwvYXBwMS9pbmRleC5odG1sCnN1ZG8gY3VybCAtSCAiTWV0YWRhdGE6dHJ1ZSIgLS1ub3Byb3h5ICIqIiAiaHR0cDovLzE2OS4yNTQuMTY5LjI1NC9tZXRhZGF0YS9pbnN0YW5jZT9hcGktdmVyc2lvbj0yMDIwLTA5LTAxIiAtbyAvdmFyL3d3dy9odG1sL2FwcDEvbWV0YWRhdGEuaHRtbAo=",
            "dedicated_host_group_id": "",
            "dedicated_host_id": "",
            "disable_password_authentication": true,
            "edge_zone": "",
            "encryption_at_host_enabled": false,
            "eviction_policy": "",
            "extensions_time_budget": "PT1H30M",
            "id": "/subscriptions/30ac425c-ea17-4b90-badf-2af77b724338/resourceGroups/hr-dev-rg-fudgne/providers/Microsoft.Compute/virtualMachines/hr-dev-web-linuxvm-1",
            "identity": [],
            "license_type": "",
            "location": "centralus",
            "max_bid_price": -1,
            "name": "hr-dev-web-linuxvm-1",
            "network_interface_ids": [
              "/subscriptions/30ac425c-ea17-4b90-badf-2af77b724338/resourceGroups/hr-dev-rg-fudgne/providers/Microsoft.Network/networkInterfaces/hr-dev-web-linuxvm-nic-1"
            ],
            "os_disk": [
              {
                "caching": "ReadWrite",
                "diff_disk_settings": [],
                "disk_encryption_set_id": "",
                "disk_size_gb": 64,
                "name": "hr-dev-web-linuxvm-1_OsDisk_1_91ab04a8863e43a2bc5b34d5c69b760c",
                "storage_account_type": "Standard_LRS",
                "write_accelerator_enabled": false
              }
            ],
            "patch_mode": "ImageDefault",
            "plan": [],
            "platform_fault_domain": -1,
            "priority": "Regular",
            "private_ip_address": "10.1.1.4",
            "private_ip_addresses": [
              "10.1.1.4"
            ],
            "provision_vm_agent": true,
            "proximity_placement_group_id": "",
            "public_ip_address": "",
            "public_ip_addresses": [],
            "resource_group_name": "hr-dev-rg-fudgne",
            "secret": [],
            "secure_boot_enabled": false,
            "size": "Standard_DS1",
            "source_image_id": "",
            "source_image_reference": [
              {
                "offer": "RHEL",
                "publisher": "RedHat",
                "sku": "7lvm-gen2",
                "version": "latest"
              }
            ],
            "tags": null,
            "termination_notification": null,
            "timeouts": null,
            "user_data": "",
            "virtual_machine_id": "04b4fef3-baef-4733-a1fb-43cd5df5723c",
            "virtual_machine_scale_set_id": "",
            "vtpm_enabled": false,
            "zone": ""
          },
          "sensitive_attributes": [],
          "private": "eyJlMmJmYjczMC1lY2FhLTExZTYtOGY4OC0zNDM2M2JjN2M0YzAiOnsiY3JlYXRlIjoyNzAwMDAwMDAwMDAwLCJkZWxldGUiOjI3MDAwMDAwMDAwMDAsInJlYWQiOjMwMDAwMDAwMDAwMCwidXBkYXRlIjoyNzAwMDAwMDAwMDAwfX0=",
          "dependencies": [
            "azurerm_network_interface.web_linuxvm_nic",
            "azurerm_resource_group.rg",
            "azurerm_subnet.websubnet",
            "azurerm_virtual_network.vnet",
            "random_string.myrandom"
          ]
        }
      ]
    },
    {
      "mode": "managed",
      "type": "azurerm_network_interface",
      "name": "bastion_host_linuxvm_nic",
      "provider": "provider[\"registry.terraform.io/hashicorp/azurerm\"]",
      "instances": [
        {
          "schema_version": 0,
          "attributes": {
            "applied_dns_servers": [],
            "dns_servers": [],
            "edge_zone": "",
            "enable_accelerated_networking": false,
            "enable_ip_forwarding": false,
            "id": "/subscriptions/30ac425c-ea17-4b90-badf-2af77b724338/resourceGroups/hr-dev-rg-fudgne/providers/Microsoft.Network/networkInterfaces/hr-dev-bastion-host-linuxvm-nic",
            "internal_dns_name_label": "",
            "internal_domain_name_suffix": "zeplie5e5zvufnwqjigmgcbn2e.gx.internal.cloudapp.net",
            "ip_configuration": [
              {
                "gateway_load_balancer_frontend_ip_configuration_id": "",
                "name": "bastion-host-ip-1",
                "primary": true,
                "private_ip_address": "10.1.100.4",
                "private_ip_address_allocation": "Dynamic",
                "private_ip_address_version": "IPv4",
                "public_ip_address_id": "/subscriptions/30ac425c-ea17-4b90-badf-2af77b724338/resourceGroups/hr-dev-rg-fudgne/providers/Microsoft.Network/publicIPAddresses/hr-dev-bastion-host-publicip",
                "subnet_id": "/subscriptions/30ac425c-ea17-4b90-badf-2af77b724338/resourceGroups/hr-dev-rg-fudgne/providers/Microsoft.Network/virtualNetworks/hr-dev-vnet/subnets/hr-dev-vnet-bastionsubnet"
              }
            ],
            "location": "centralus",
            "mac_address": "",
            "name": "hr-dev-bastion-host-linuxvm-nic",
            "private_ip_address": "10.1.100.4",
            "private_ip_addresses": [
              "10.1.100.4"
            ],
            "resource_group_name": "hr-dev-rg-fudgne",
            "tags": null,
            "timeouts": null,
            "virtual_machine_id": ""
          },
          "sensitive_attributes": [],
          "private": "eyJlMmJmYjczMC1lY2FhLTExZTYtOGY4OC0zNDM2M2JjN2M0YzAiOnsiY3JlYXRlIjoxODAwMDAwMDAwMDAwLCJkZWxldGUiOjE4MDAwMDAwMDAwMDAsInJlYWQiOjMwMDAwMDAwMDAwMCwidXBkYXRlIjoxODAwMDAwMDAwMDAwfX0=",
          "dependencies": [
            "azurerm_public_ip.bastion_host_publicip",
            "azurerm_resource_group.rg",
            "azurerm_subnet.bastionsubnet",
            "azurerm_virtual_network.vnet",
            "random_string.myrandom"
          ]
        }
      ]
    },
    {
      "mode": "managed",
      "type": "azurerm_network_interface",
      "name": "web_linuxvm_nic",
      "provider": "provider[\"registry.terraform.io/hashicorp/azurerm\"]",
      "instances": [
        {
          "index_key": 0,
          "schema_version": 0,
          "attributes": {
            "applied_dns_servers": [],
            "dns_servers": [],
            "edge_zone": "",
            "enable_accelerated_networking": false,
            "enable_ip_forwarding": false,
            "id": "/subscriptions/30ac425c-ea17-4b90-badf-2af77b724338/resourceGroups/hr-dev-rg-fudgne/providers/Microsoft.Network/networkInterfaces/hr-dev-web-linuxvm-nic-0",
            "internal_dns_name_label": "",
            "internal_domain_name_suffix": "zeplie5e5zvufnwqjigmgcbn2e.gx.internal.cloudapp.net",
            "ip_configuration": [
              {
                "gateway_load_balancer_frontend_ip_configuration_id": "",
                "name": "web-linuxvm-ip-1",
                "primary": true,
                "private_ip_address": "10.1.1.5",
                "private_ip_address_allocation": "Dynamic",
                "private_ip_address_version": "IPv4",
                "public_ip_address_id": "",
                "subnet_id": "/subscriptions/30ac425c-ea17-4b90-badf-2af77b724338/resourceGroups/hr-dev-rg-fudgne/providers/Microsoft.Network/virtualNetworks/hr-dev-vnet/subnets/hr-dev-vnet-websubnet"
              }
            ],
            "location": "centralus",
            "mac_address": "",
            "name": "hr-dev-web-linuxvm-nic-0",
            "private_ip_address": "10.1.1.5",
            "private_ip_addresses": [
              "10.1.1.5"
            ],
            "resource_group_name": "hr-dev-rg-fudgne",
            "tags": null,
            "timeouts": null,
            "virtual_machine_id": ""
          },
          "sensitive_attributes": [],
          "private": "eyJlMmJmYjczMC1lY2FhLTExZTYtOGY4OC0zNDM2M2JjN2M0YzAiOnsiY3JlYXRlIjoxODAwMDAwMDAwMDAwLCJkZWxldGUiOjE4MDAwMDAwMDAwMDAsInJlYWQiOjMwMDAwMDAwMDAwMCwidXBkYXRlIjoxODAwMDAwMDAwMDAwfX0=",
          "dependencies": [
            "azurerm_resource_group.rg",
            "azurerm_subnet.websubnet",
            "azurerm_virtual_network.vnet",
            "random_string.myrandom"
          ]
        },
        {
          "index_key": 1,
          "schema_version": 0,
          "attributes": {
            "applied_dns_servers": [],
            "dns_servers": [],
            "edge_zone": "",
            "enable_accelerated_networking": false,
            "enable_ip_forwarding": false,
            "id": "/subscriptions/30ac425c-ea17-4b90-badf-2af77b724338/resourceGroups/hr-dev-rg-fudgne/providers/Microsoft.Network/networkInterfaces/hr-dev-web-linuxvm-nic-1",
            "internal_dns_name_label": "",
            "internal_domain_name_suffix": "zeplie5e5zvufnwqjigmgcbn2e.gx.internal.cloudapp.net",
            "ip_configuration": [
              {
                "gateway_load_balancer_frontend_ip_configuration_id": "",
                "name": "web-linuxvm-ip-1",
                "primary": true,
                "private_ip_address": "10.1.1.4",
                "private_ip_address_allocation": "Dynamic",
                "private_ip_address_version": "IPv4",
                "public_ip_address_id": "",
                "subnet_id": "/subscriptions/30ac425c-ea17-4b90-badf-2af77b724338/resourceGroups/hr-dev-rg-fudgne/providers/Microsoft.Network/virtualNetworks/hr-dev-vnet/subnets/hr-dev-vnet-websubnet"
              }
            ],
            "location": "centralus",
            "mac_address": "",
            "name": "hr-dev-web-linuxvm-nic-1",
            "private_ip_address": "10.1.1.4",
            "private_ip_addresses": [
              "10.1.1.4"
            ],
            "resource_group_name": "hr-dev-rg-fudgne",
            "tags": null,
            "timeouts": null,
            "virtual_machine_id": ""
          },
          "sensitive_attributes": [],
          "private": "eyJlMmJmYjczMC1lY2FhLTExZTYtOGY4OC0zNDM2M2JjN2M0YzAiOnsiY3JlYXRlIjoxODAwMDAwMDAwMDAwLCJkZWxldGUiOjE4MDAwMDAwMDAwMDAsInJlYWQiOjMwMDAwMDAwMDAwMCwidXBkYXRlIjoxODAwMDAwMDAwMDAwfX0=",
          "dependencies": [
            "azurerm_resource_group.rg",
            "azurerm_subnet.websubnet",
            "azurerm_virtual_network.vnet",
            "random_string.myrandom"
          ]
        }
      ]
    },
    {
      "mode": "managed",
      "type": "azurerm_network_interface_backend_address_pool_association",
      "name": "web_nic_lb_associate",
      "provider": "provider[\"registry.terraform.io/hashicorp/azurerm\"]",
      "instances": [
        {
          "index_key": 0,
          "schema_version": 0,
          "attributes": {
            "backend_address_pool_id": "/subscriptions/30ac425c-ea17-4b90-badf-2af77b724338/resourceGroups/hr-dev-rg-fudgne/providers/Microsoft.Network/loadBalancers/hr-dev-web-lb/backendAddressPools/web-backend",
            "id": "/subscriptions/30ac425c-ea17-4b90-badf-2af77b724338/resourceGroups/hr-dev-rg-fudgne/providers/Microsoft.Network/networkInterfaces/hr-dev-web-linuxvm-nic-0/ipConfigurations/web-linuxvm-ip-1|/subscriptions/30ac425c-ea17-4b90-badf-2af77b724338/resourceGroups/hr-dev-rg-fudgne/providers/Microsoft.Network/loadBalancers/hr-dev-web-lb/backendAddressPools/web-backend",
            "ip_configuration_name": "web-linuxvm-ip-1",
            "network_interface_id": "/subscriptions/30ac425c-ea17-4b90-badf-2af77b724338/resourceGroups/hr-dev-rg-fudgne/providers/Microsoft.Network/networkInterfaces/hr-dev-web-linuxvm-nic-0",
            "timeouts": null
          },
          "sensitive_attributes": [],
          "private": "eyJlMmJmYjczMC1lY2FhLTExZTYtOGY4OC0zNDM2M2JjN2M0YzAiOnsiY3JlYXRlIjoxODAwMDAwMDAwMDAwLCJkZWxldGUiOjE4MDAwMDAwMDAwMDAsInJlYWQiOjMwMDAwMDAwMDAwMCwidXBkYXRlIjoxODAwMDAwMDAwMDAwfX0=",
          "dependencies": [
            "azurerm_lb.web_lb",
            "azurerm_lb_backend_address_pool.web_lb_backend_address_pool",
            "azurerm_network_interface.web_linuxvm_nic",
            "azurerm_public_ip.web_lbpublicip",
            "azurerm_resource_group.rg",
            "azurerm_subnet.websubnet",
            "azurerm_virtual_network.vnet",
            "random_string.myrandom"
          ]
        },
        {
          "index_key": 1,
          "schema_version": 0,
          "attributes": {
            "backend_address_pool_id": "/subscriptions/30ac425c-ea17-4b90-badf-2af77b724338/resourceGroups/hr-dev-rg-fudgne/providers/Microsoft.Network/loadBalancers/hr-dev-web-lb/backendAddressPools/web-backend",
            "id": "/subscriptions/30ac425c-ea17-4b90-badf-2af77b724338/resourceGroups/hr-dev-rg-fudgne/providers/Microsoft.Network/networkInterfaces/hr-dev-web-linuxvm-nic-1/ipConfigurations/web-linuxvm-ip-1|/subscriptions/30ac425c-ea17-4b90-badf-2af77b724338/resourceGroups/hr-dev-rg-fudgne/providers/Microsoft.Network/loadBalancers/hr-dev-web-lb/backendAddressPools/web-backend",
            "ip_configuration_name": "web-linuxvm-ip-1",
            "network_interface_id": "/subscriptions/30ac425c-ea17-4b90-badf-2af77b724338/resourceGroups/hr-dev-rg-fudgne/providers/Microsoft.Network/networkInterfaces/hr-dev-web-linuxvm-nic-1",
            "timeouts": null
          },
          "sensitive_attributes": [],
          "private": "eyJlMmJmYjczMC1lY2FhLTExZTYtOGY4OC0zNDM2M2JjN2M0YzAiOnsiY3JlYXRlIjoxODAwMDAwMDAwMDAwLCJkZWxldGUiOjE4MDAwMDAwMDAwMDAsInJlYWQiOjMwMDAwMDAwMDAwMCwidXBkYXRlIjoxODAwMDAwMDAwMDAwfX0=",
          "dependencies": [
            "azurerm_lb.web_lb",
            "azurerm_lb_backend_address_pool.web_lb_backend_address_pool",
            "azurerm_network_interface.web_linuxvm_nic",
            "azurerm_public_ip.web_lbpublicip",
            "azurerm_resource_group.rg",
            "azurerm_subnet.websubnet",
            "azurerm_virtual_network.vnet",
            "random_string.myrandom"
          ]
        }
      ]
    },
    {
      "mode": "managed",
      "type": "azurerm_network_interface_nat_rule_association",
      "name": "web_nic_nat_rule_associate",
      "provider": "provider[\"registry.terraform.io/hashicorp/azurerm\"]",
      "instances": [
        {
          "index_key": 0,
          "schema_version": 0,
          "attributes": {
            "id": "/subscriptions/30ac425c-ea17-4b90-badf-2af77b724338/resourceGroups/hr-dev-rg-fudgne/providers/Microsoft.Network/networkInterfaces/hr-dev-web-linuxvm-nic-0/ipConfigurations/web-linuxvm-ip-1|/subscriptions/30ac425c-ea17-4b90-badf-2af77b724338/resourceGroups/hr-dev-rg-fudgne/providers/Microsoft.Network/loadBalancers/hr-dev-web-lb/inboundNatRules/vm-0-ssh-1022-vm-22",
            "ip_configuration_name": "web-linuxvm-ip-1",
            "nat_rule_id": "/subscriptions/30ac425c-ea17-4b90-badf-2af77b724338/resourceGroups/hr-dev-rg-fudgne/providers/Microsoft.Network/loadBalancers/hr-dev-web-lb/inboundNatRules/vm-0-ssh-1022-vm-22",
            "network_interface_id": "/subscriptions/30ac425c-ea17-4b90-badf-2af77b724338/resourceGroups/hr-dev-rg-fudgne/providers/Microsoft.Network/networkInterfaces/hr-dev-web-linuxvm-nic-0",
            "timeouts": null
          },
          "sensitive_attributes": [],
          "private": "eyJlMmJmYjczMC1lY2FhLTExZTYtOGY4OC0zNDM2M2JjN2M0YzAiOnsiY3JlYXRlIjoxODAwMDAwMDAwMDAwLCJkZWxldGUiOjE4MDAwMDAwMDAwMDAsInJlYWQiOjMwMDAwMDAwMDAwMCwidXBkYXRlIjoxODAwMDAwMDAwMDAwfX0=",
          "dependencies": [
            "azurerm_lb.web_lb",
            "azurerm_lb_nat_rule.web_lb_inbound_nat_rule_22",
            "azurerm_linux_virtual_machine.web_linuxvm",
            "azurerm_network_interface.web_linuxvm_nic",
            "azurerm_public_ip.web_lbpublicip",
            "azurerm_resource_group.rg",
            "azurerm_subnet.websubnet",
            "azurerm_virtual_network.vnet",
            "random_string.myrandom"
          ]
        },
        {
          "index_key": 1,
          "schema_version": 0,
          "attributes": {
            "id": "/subscriptions/30ac425c-ea17-4b90-badf-2af77b724338/resourceGroups/hr-dev-rg-fudgne/providers/Microsoft.Network/networkInterfaces/hr-dev-web-linuxvm-nic-1/ipConfigurations/web-linuxvm-ip-1|/subscriptions/30ac425c-ea17-4b90-badf-2af77b724338/resourceGroups/hr-dev-rg-fudgne/providers/Microsoft.Network/loadBalancers/hr-dev-web-lb/inboundNatRules/vm-1-ssh-2022-vm-22",
            "ip_configuration_name": "web-linuxvm-ip-1",
            "nat_rule_id": "/subscriptions/30ac425c-ea17-4b90-badf-2af77b724338/resourceGroups/hr-dev-rg-fudgne/providers/Microsoft.Network/loadBalancers/hr-dev-web-lb/inboundNatRules/vm-1-ssh-2022-vm-22",
            "network_interface_id": "/subscriptions/30ac425c-ea17-4b90-badf-2af77b724338/resourceGroups/hr-dev-rg-fudgne/providers/Microsoft.Network/networkInterfaces/hr-dev-web-linuxvm-nic-1",
            "timeouts": null
          },
          "sensitive_attributes": [],
          "private": "eyJlMmJmYjczMC1lY2FhLTExZTYtOGY4OC0zNDM2M2JjN2M0YzAiOnsiY3JlYXRlIjoxODAwMDAwMDAwMDAwLCJkZWxldGUiOjE4MDAwMDAwMDAwMDAsInJlYWQiOjMwMDAwMDAwMDAwMCwidXBkYXRlIjoxODAwMDAwMDAwMDAwfX0=",
          "dependencies": [
            "azurerm_lb.web_lb",
            "azurerm_lb_nat_rule.web_lb_inbound_nat_rule_22",
            "azurerm_linux_virtual_machine.web_linuxvm",
            "azurerm_network_interface.web_linuxvm_nic",
            "azurerm_public_ip.web_lbpublicip",
            "azurerm_resource_group.rg",
            "azurerm_subnet.websubnet",
            "azurerm_virtual_network.vnet",
            "random_string.myrandom"
          ]
        }
      ]
    },
    {
      "mode": "managed",
      "type": "azurerm_network_security_group",
      "name": "app_subnet_nsg",
      "provider": "provider[\"registry.terraform.io/hashicorp/azurerm\"]",
      "instances": [
        {
          "schema_version": 0,
          "attributes": {
            "id": "/subscriptions/30ac425c-ea17-4b90-badf-2af77b724338/resourceGroups/hr-dev-rg-fudgne/providers/Microsoft.Network/networkSecurityGroups/hr-dev-vnet-appsubnet-nsg",
            "location": "centralus",
            "name": "hr-dev-vnet-appsubnet-nsg",
            "resource_group_name": "hr-dev-rg-fudgne",
            "security_rule": [],
            "tags": null,
            "timeouts": null
          },
          "sensitive_attributes": [],
          "private": "eyJlMmJmYjczMC1lY2FhLTExZTYtOGY4OC0zNDM2M2JjN2M0YzAiOnsiY3JlYXRlIjoxODAwMDAwMDAwMDAwLCJkZWxldGUiOjE4MDAwMDAwMDAwMDAsInJlYWQiOjMwMDAwMDAwMDAwMCwidXBkYXRlIjoxODAwMDAwMDAwMDAwfX0=",
          "dependencies": [
            "azurerm_resource_group.rg",
            "azurerm_subnet.appsubnet",
            "azurerm_virtual_network.vnet",
            "random_string.myrandom"
          ]
        }
      ]
    },
    {
      "mode": "managed",
      "type": "azurerm_network_security_group",
      "name": "bastion_subnet_nsg",
      "provider": "provider[\"registry.terraform.io/hashicorp/azurerm\"]",
      "instances": [
        {
          "schema_version": 0,
          "attributes": {
            "id": "/subscriptions/30ac425c-ea17-4b90-badf-2af77b724338/resourceGroups/hr-dev-rg-fudgne/providers/Microsoft.Network/networkSecurityGroups/hr-dev-vnet-bastionsubnet-nsg",
            "location": "centralus",
            "name": "hr-dev-vnet-bastionsubnet-nsg",
            "resource_group_name": "hr-dev-rg-fudgne",
            "security_rule": [],
            "tags": null,
            "timeouts": null
          },
          "sensitive_attributes": [],
          "private": "eyJlMmJmYjczMC1lY2FhLTExZTYtOGY4OC0zNDM2M2JjN2M0YzAiOnsiY3JlYXRlIjoxODAwMDAwMDAwMDAwLCJkZWxldGUiOjE4MDAwMDAwMDAwMDAsInJlYWQiOjMwMDAwMDAwMDAwMCwidXBkYXRlIjoxODAwMDAwMDAwMDAwfX0=",
          "dependencies": [
            "azurerm_resource_group.rg",
            "azurerm_subnet.bastionsubnet",
            "azurerm_virtual_network.vnet",
            "random_string.myrandom"
          ]
        }
      ]
    },
    {
      "mode": "managed",
      "type": "azurerm_network_security_group",
      "name": "db_subnet_nsg",
      "provider": "provider[\"registry.terraform.io/hashicorp/azurerm\"]",
      "instances": [
        {
          "schema_version": 0,
          "attributes": {
            "id": "/subscriptions/30ac425c-ea17-4b90-badf-2af77b724338/resourceGroups/hr-dev-rg-fudgne/providers/Microsoft.Network/networkSecurityGroups/hr-dev-vnet-dbsubnet-nsg",
            "location": "centralus",
            "name": "hr-dev-vnet-dbsubnet-nsg",
            "resource_group_name": "hr-dev-rg-fudgne",
            "security_rule": [],
            "tags": null,
            "timeouts": null
          },
          "sensitive_attributes": [],
          "private": "eyJlMmJmYjczMC1lY2FhLTExZTYtOGY4OC0zNDM2M2JjN2M0YzAiOnsiY3JlYXRlIjoxODAwMDAwMDAwMDAwLCJkZWxldGUiOjE4MDAwMDAwMDAwMDAsInJlYWQiOjMwMDAwMDAwMDAwMCwidXBkYXRlIjoxODAwMDAwMDAwMDAwfX0=",
          "dependencies": [
            "azurerm_resource_group.rg",
            "azurerm_subnet.dbsubnet",
            "azurerm_virtual_network.vnet",
            "random_string.myrandom"
          ]
        }
      ]
    },
    {
      "mode": "managed",
      "type": "azurerm_network_security_group",
      "name": "web_subnet_nsg",
      "provider": "provider[\"registry.terraform.io/hashicorp/azurerm\"]",
      "instances": [
        {
          "schema_version": 0,
          "attributes": {
            "id": "/subscriptions/30ac425c-ea17-4b90-badf-2af77b724338/resourceGroups/hr-dev-rg-fudgne/providers/Microsoft.Network/networkSecurityGroups/hr-dev-vnet-websubnet-nsg",
            "location": "centralus",
            "name": "hr-dev-vnet-websubnet-nsg",
            "resource_group_name": "hr-dev-rg-fudgne",
            "security_rule": [],
            "tags": null,
            "timeouts": null
          },
          "sensitive_attributes": [],
          "private": "eyJlMmJmYjczMC1lY2FhLTExZTYtOGY4OC0zNDM2M2JjN2M0YzAiOnsiY3JlYXRlIjoxODAwMDAwMDAwMDAwLCJkZWxldGUiOjE4MDAwMDAwMDAwMDAsInJlYWQiOjMwMDAwMDAwMDAwMCwidXBkYXRlIjoxODAwMDAwMDAwMDAwfX0=",
          "dependencies": [
            "azurerm_resource_group.rg",
            "azurerm_subnet.websubnet",
            "azurerm_virtual_network.vnet",
            "random_string.myrandom"
          ]
        }
      ]
    },
    {
      "mode": "managed",
      "type": "azurerm_network_security_rule",
      "name": "app_nsg_rule_inbound",
      "provider": "provider[\"registry.terraform.io/hashicorp/azurerm\"]",
      "instances": [
        {
          "index_key": "100",
          "schema_version": 0,
          "attributes": {
            "access": "Allow",
            "description": "",
            "destination_address_prefix": "*",
            "destination_address_prefixes": null,
            "destination_application_security_group_ids": null,
            "destination_port_range": "80",
            "destination_port_ranges": null,
            "direction": "Inbound",
            "id": "/subscriptions/30ac425c-ea17-4b90-badf-2af77b724338/resourceGroups/hr-dev-rg-fudgne/providers/Microsoft.Network/networkSecurityGroups/hr-dev-vnet-appsubnet-nsg/securityRules/Rule-Port-80",
            "name": "Rule-Port-80",
            "network_security_group_name": "hr-dev-vnet-appsubnet-nsg",
            "priority": 100,
            "protocol": "Tcp",
            "resource_group_name": "hr-dev-rg-fudgne",
            "source_address_prefix": "*",
            "source_address_prefixes": null,
            "source_application_security_group_ids": null,
            "source_port_range": "*",
            "source_port_ranges": null,
            "timeouts": null
          },
          "sensitive_attributes": [],
          "private": "eyJlMmJmYjczMC1lY2FhLTExZTYtOGY4OC0zNDM2M2JjN2M0YzAiOnsiY3JlYXRlIjoxODAwMDAwMDAwMDAwLCJkZWxldGUiOjE4MDAwMDAwMDAwMDAsInJlYWQiOjMwMDAwMDAwMDAwMCwidXBkYXRlIjoxODAwMDAwMDAwMDAwfX0=",
          "dependencies": [
            "azurerm_network_security_group.app_subnet_nsg",
            "azurerm_resource_group.rg",
            "azurerm_subnet.appsubnet",
            "azurerm_virtual_network.vnet",
            "random_string.myrandom"
          ]
        },
        {
          "index_key": "110",
          "schema_version": 0,
          "attributes": {
            "access": "Allow",
            "description": "",
            "destination_address_prefix": "*",
            "destination_address_prefixes": null,
            "destination_application_security_group_ids": null,
            "destination_port_range": "443",
            "destination_port_ranges": null,
            "direction": "Inbound",
            "id": "/subscriptions/30ac425c-ea17-4b90-badf-2af77b724338/resourceGroups/hr-dev-rg-fudgne/providers/Microsoft.Network/networkSecurityGroups/hr-dev-vnet-appsubnet-nsg/securityRules/Rule-Port-443",
            "name": "Rule-Port-443",
            "network_security_group_name": "hr-dev-vnet-appsubnet-nsg",
            "priority": 110,
            "protocol": "Tcp",
            "resource_group_name": "hr-dev-rg-fudgne",
            "source_address_prefix": "*",
            "source_address_prefixes": null,
            "source_application_security_group_ids": null,
            "source_port_range": "*",
            "source_port_ranges": null,
            "timeouts": null
          },
          "sensitive_attributes": [],
          "private": "eyJlMmJmYjczMC1lY2FhLTExZTYtOGY4OC0zNDM2M2JjN2M0YzAiOnsiY3JlYXRlIjoxODAwMDAwMDAwMDAwLCJkZWxldGUiOjE4MDAwMDAwMDAwMDAsInJlYWQiOjMwMDAwMDAwMDAwMCwidXBkYXRlIjoxODAwMDAwMDAwMDAwfX0=",
          "dependencies": [
            "azurerm_network_security_group.app_subnet_nsg",
            "azurerm_resource_group.rg",
            "azurerm_subnet.appsubnet",
            "azurerm_virtual_network.vnet",
            "random_string.myrandom"
          ]
        },
        {
          "index_key": "120",
          "schema_version": 0,
          "attributes": {
            "access": "Allow",
            "description": "",
            "destination_address_prefix": "*",
            "destination_address_prefixes": null,
            "destination_application_security_group_ids": null,
            "destination_port_range": "8080",
            "destination_port_ranges": null,
            "direction": "Inbound",
            "id": "/subscriptions/30ac425c-ea17-4b90-badf-2af77b724338/resourceGroups/hr-dev-rg-fudgne/providers/Microsoft.Network/networkSecurityGroups/hr-dev-vnet-appsubnet-nsg/securityRules/Rule-Port-8080",
            "name": "Rule-Port-8080",
            "network_security_group_name": "hr-dev-vnet-appsubnet-nsg",
            "priority": 120,
            "protocol": "Tcp",
            "resource_group_name": "hr-dev-rg-fudgne",
            "source_address_prefix": "*",
            "source_address_prefixes": null,
            "source_application_security_group_ids": null,
            "source_port_range": "*",
            "source_port_ranges": null,
            "timeouts": null
          },
          "sensitive_attributes": [],
          "private": "eyJlMmJmYjczMC1lY2FhLTExZTYtOGY4OC0zNDM2M2JjN2M0YzAiOnsiY3JlYXRlIjoxODAwMDAwMDAwMDAwLCJkZWxldGUiOjE4MDAwMDAwMDAwMDAsInJlYWQiOjMwMDAwMDAwMDAwMCwidXBkYXRlIjoxODAwMDAwMDAwMDAwfX0=",
          "dependencies": [
            "azurerm_network_security_group.app_subnet_nsg",
            "azurerm_resource_group.rg",
            "azurerm_subnet.appsubnet",
            "azurerm_virtual_network.vnet",
            "random_string.myrandom"
          ]
        },
        {
          "index_key": "130",
          "schema_version": 0,
          "attributes": {
            "access": "Allow",
            "description": "",
            "destination_address_prefix": "*",
            "destination_address_prefixes": null,
            "destination_application_security_group_ids": null,
            "destination_port_range": "22",
            "destination_port_ranges": null,
            "direction": "Inbound",
            "id": "/subscriptions/30ac425c-ea17-4b90-badf-2af77b724338/resourceGroups/hr-dev-rg-fudgne/providers/Microsoft.Network/networkSecurityGroups/hr-dev-vnet-appsubnet-nsg/securityRules/Rule-Port-22",
            "name": "Rule-Port-22",
            "network_security_group_name": "hr-dev-vnet-appsubnet-nsg",
            "priority": 130,
            "protocol": "Tcp",
            "resource_group_name": "hr-dev-rg-fudgne",
            "source_address_prefix": "*",
            "source_address_prefixes": null,
            "source_application_security_group_ids": null,
            "source_port_range": "*",
            "source_port_ranges": null,
            "timeouts": null
          },
          "sensitive_attributes": [],
          "private": "eyJlMmJmYjczMC1lY2FhLTExZTYtOGY4OC0zNDM2M2JjN2M0YzAiOnsiY3JlYXRlIjoxODAwMDAwMDAwMDAwLCJkZWxldGUiOjE4MDAwMDAwMDAwMDAsInJlYWQiOjMwMDAwMDAwMDAwMCwidXBkYXRlIjoxODAwMDAwMDAwMDAwfX0=",
          "dependencies": [
            "azurerm_network_security_group.app_subnet_nsg",
            "azurerm_resource_group.rg",
            "azurerm_subnet.appsubnet",
            "azurerm_virtual_network.vnet",
            "random_string.myrandom"
          ]
        }
      ]
    },
    {
      "mode": "managed",
      "type": "azurerm_network_security_rule",
      "name": "bastion_nsg_rule_inbound",
      "provider": "provider[\"registry.terraform.io/hashicorp/azurerm\"]",
      "instances": [
        {
          "index_key": "100",
          "schema_version": 0,
          "attributes": {
            "access": "Allow",
            "description": "",
            "destination_address_prefix": "*",
            "destination_address_prefixes": null,
            "destination_application_security_group_ids": null,
            "destination_port_range": "22",
            "destination_port_ranges": null,
            "direction": "Inbound",
            "id": "/subscriptions/30ac425c-ea17-4b90-badf-2af77b724338/resourceGroups/hr-dev-rg-fudgne/providers/Microsoft.Network/networkSecurityGroups/hr-dev-vnet-bastionsubnet-nsg/securityRules/Rule-Port-22",
            "name": "Rule-Port-22",
            "network_security_group_name": "hr-dev-vnet-bastionsubnet-nsg",
            "priority": 100,
            "protocol": "Tcp",
            "resource_group_name": "hr-dev-rg-fudgne",
            "source_address_prefix": "*",
            "source_address_prefixes": null,
            "source_application_security_group_ids": null,
            "source_port_range": "*",
            "source_port_ranges": null,
            "timeouts": null
          },
          "sensitive_attributes": [],
          "private": "eyJlMmJmYjczMC1lY2FhLTExZTYtOGY4OC0zNDM2M2JjN2M0YzAiOnsiY3JlYXRlIjoxODAwMDAwMDAwMDAwLCJkZWxldGUiOjE4MDAwMDAwMDAwMDAsInJlYWQiOjMwMDAwMDAwMDAwMCwidXBkYXRlIjoxODAwMDAwMDAwMDAwfX0=",
          "dependencies": [
            "azurerm_network_security_group.bastion_subnet_nsg",
            "azurerm_resource_group.rg",
            "azurerm_subnet.bastionsubnet",
            "azurerm_virtual_network.vnet",
            "random_string.myrandom"
          ]
        },
        {
          "index_key": "110",
          "schema_version": 0,
          "attributes": {
            "access": "Allow",
            "description": "",
            "destination_address_prefix": "*",
            "destination_address_prefixes": null,
            "destination_application_security_group_ids": null,
            "destination_port_range": "3389",
            "destination_port_ranges": null,
            "direction": "Inbound",
            "id": "/subscriptions/30ac425c-ea17-4b90-badf-2af77b724338/resourceGroups/hr-dev-rg-fudgne/providers/Microsoft.Network/networkSecurityGroups/hr-dev-vnet-bastionsubnet-nsg/securityRules/Rule-Port-3389",
            "name": "Rule-Port-3389",
            "network_security_group_name": "hr-dev-vnet-bastionsubnet-nsg",
            "priority": 110,
            "protocol": "Tcp",
            "resource_group_name": "hr-dev-rg-fudgne",
            "source_address_prefix": "*",
            "source_address_prefixes": null,
            "source_application_security_group_ids": null,
            "source_port_range": "*",
            "source_port_ranges": null,
            "timeouts": null
          },
          "sensitive_attributes": [],
          "private": "eyJlMmJmYjczMC1lY2FhLTExZTYtOGY4OC0zNDM2M2JjN2M0YzAiOnsiY3JlYXRlIjoxODAwMDAwMDAwMDAwLCJkZWxldGUiOjE4MDAwMDAwMDAwMDAsInJlYWQiOjMwMDAwMDAwMDAwMCwidXBkYXRlIjoxODAwMDAwMDAwMDAwfX0=",
          "dependencies": [
            "azurerm_network_security_group.bastion_subnet_nsg",
            "azurerm_resource_group.rg",
            "azurerm_subnet.bastionsubnet",
            "azurerm_virtual_network.vnet",
            "random_string.myrandom"
          ]
        }
      ]
    },
    {
      "mode": "managed",
      "type": "azurerm_network_security_rule",
      "name": "db_nsg_rule_inbound",
      "provider": "provider[\"registry.terraform.io/hashicorp/azurerm\"]",
      "instances": [
        {
          "index_key": "100",
          "schema_version": 0,
          "attributes": {
            "access": "Allow",
            "description": "",
            "destination_address_prefix": "*",
            "destination_address_prefixes": null,
            "destination_application_security_group_ids": null,
            "destination_port_range": "3306",
            "destination_port_ranges": null,
            "direction": "Inbound",
            "id": "/subscriptions/30ac425c-ea17-4b90-badf-2af77b724338/resourceGroups/hr-dev-rg-fudgne/providers/Microsoft.Network/networkSecurityGroups/hr-dev-vnet-dbsubnet-nsg/securityRules/Rule-Port-3306",
            "name": "Rule-Port-3306",
            "network_security_group_name": "hr-dev-vnet-dbsubnet-nsg",
            "priority": 100,
            "protocol": "Tcp",
            "resource_group_name": "hr-dev-rg-fudgne",
            "source_address_prefix": "*",
            "source_address_prefixes": null,
            "source_application_security_group_ids": null,
            "source_port_range": "*",
            "source_port_ranges": null,
            "timeouts": null
          },
          "sensitive_attributes": [],
          "private": "eyJlMmJmYjczMC1lY2FhLTExZTYtOGY4OC0zNDM2M2JjN2M0YzAiOnsiY3JlYXRlIjoxODAwMDAwMDAwMDAwLCJkZWxldGUiOjE4MDAwMDAwMDAwMDAsInJlYWQiOjMwMDAwMDAwMDAwMCwidXBkYXRlIjoxODAwMDAwMDAwMDAwfX0=",
          "dependencies": [
            "azurerm_network_security_group.db_subnet_nsg",
            "azurerm_resource_group.rg",
            "azurerm_subnet.dbsubnet",
            "azurerm_virtual_network.vnet",
            "random_string.myrandom"
          ]
        },
        {
          "index_key": "110",
          "schema_version": 0,
          "attributes": {
            "access": "Allow",
            "description": "",
            "destination_address_prefix": "*",
            "destination_address_prefixes": null,
            "destination_application_security_group_ids": null,
            "destination_port_range": "1433",
            "destination_port_ranges": null,
            "direction": "Inbound",
            "id": "/subscriptions/30ac425c-ea17-4b90-badf-2af77b724338/resourceGroups/hr-dev-rg-fudgne/providers/Microsoft.Network/networkSecurityGroups/hr-dev-vnet-dbsubnet-nsg/securityRules/Rule-Port-1433",
            "name": "Rule-Port-1433",
            "network_security_group_name": "hr-dev-vnet-dbsubnet-nsg",
            "priority": 110,
            "protocol": "Tcp",
            "resource_group_name": "hr-dev-rg-fudgne",
            "source_address_prefix": "*",
            "source_address_prefixes": null,
            "source_application_security_group_ids": null,
            "source_port_range": "*",
            "source_port_ranges": null,
            "timeouts": null
          },
          "sensitive_attributes": [],
          "private": "eyJlMmJmYjczMC1lY2FhLTExZTYtOGY4OC0zNDM2M2JjN2M0YzAiOnsiY3JlYXRlIjoxODAwMDAwMDAwMDAwLCJkZWxldGUiOjE4MDAwMDAwMDAwMDAsInJlYWQiOjMwMDAwMDAwMDAwMCwidXBkYXRlIjoxODAwMDAwMDAwMDAwfX0=",
          "dependencies": [
            "azurerm_network_security_group.db_subnet_nsg",
            "azurerm_resource_group.rg",
            "azurerm_subnet.dbsubnet",
            "azurerm_virtual_network.vnet",
            "random_string.myrandom"
          ]
        },
        {
          "index_key": "120",
          "schema_version": 0,
          "attributes": {
            "access": "Allow",
            "description": "",
            "destination_address_prefix": "*",
            "destination_address_prefixes": null,
            "destination_application_security_group_ids": null,
            "destination_port_range": "5432",
            "destination_port_ranges": null,
            "direction": "Inbound",
            "id": "/subscriptions/30ac425c-ea17-4b90-badf-2af77b724338/resourceGroups/hr-dev-rg-fudgne/providers/Microsoft.Network/networkSecurityGroups/hr-dev-vnet-dbsubnet-nsg/securityRules/Rule-Port-5432",
            "name": "Rule-Port-5432",
            "network_security_group_name": "hr-dev-vnet-dbsubnet-nsg",
            "priority": 120,
            "protocol": "Tcp",
            "resource_group_name": "hr-dev-rg-fudgne",
            "source_address_prefix": "*",
            "source_address_prefixes": null,
            "source_application_security_group_ids": null,
            "source_port_range": "*",
            "source_port_ranges": null,
            "timeouts": null
          },
          "sensitive_attributes": [],
          "private": "eyJlMmJmYjczMC1lY2FhLTExZTYtOGY4OC0zNDM2M2JjN2M0YzAiOnsiY3JlYXRlIjoxODAwMDAwMDAwMDAwLCJkZWxldGUiOjE4MDAwMDAwMDAwMDAsInJlYWQiOjMwMDAwMDAwMDAwMCwidXBkYXRlIjoxODAwMDAwMDAwMDAwfX0=",
          "dependencies": [
            "azurerm_network_security_group.db_subnet_nsg",
            "azurerm_resource_group.rg",
            "azurerm_subnet.dbsubnet",
            "azurerm_virtual_network.vnet",
            "random_string.myrandom"
          ]
        }
      ]
    },
    {
      "mode": "managed",
      "type": "azurerm_network_security_rule",
      "name": "web_nsg_rule_inbound",
      "provider": "provider[\"registry.terraform.io/hashicorp/azurerm\"]",
      "instances": [
        {
          "index_key": "100",
          "schema_version": 0,
          "attributes": {
            "access": "Allow",
            "description": "",
            "destination_address_prefix": "*",
            "destination_address_prefixes": null,
            "destination_application_security_group_ids": null,
            "destination_port_range": "80",
            "destination_port_ranges": null,
            "direction": "Inbound",
            "id": "/subscriptions/30ac425c-ea17-4b90-badf-2af77b724338/resourceGroups/hr-dev-rg-fudgne/providers/Microsoft.Network/networkSecurityGroups/hr-dev-vnet-websubnet-nsg/securityRules/Rule-Port-80",
            "name": "Rule-Port-80",
            "network_security_group_name": "hr-dev-vnet-websubnet-nsg",
            "priority": 100,
            "protocol": "Tcp",
            "resource_group_name": "hr-dev-rg-fudgne",
            "source_address_prefix": "*",
            "source_address_prefixes": null,
            "source_application_security_group_ids": null,
            "source_port_range": "*",
            "source_port_ranges": null,
            "timeouts": null
          },
          "sensitive_attributes": [],
          "private": "eyJlMmJmYjczMC1lY2FhLTExZTYtOGY4OC0zNDM2M2JjN2M0YzAiOnsiY3JlYXRlIjoxODAwMDAwMDAwMDAwLCJkZWxldGUiOjE4MDAwMDAwMDAwMDAsInJlYWQiOjMwMDAwMDAwMDAwMCwidXBkYXRlIjoxODAwMDAwMDAwMDAwfX0=",
          "dependencies": [
            "azurerm_network_security_group.web_subnet_nsg",
            "azurerm_resource_group.rg",
            "azurerm_subnet.websubnet",
            "azurerm_virtual_network.vnet",
            "random_string.myrandom"
          ]
        },
        {
          "index_key": "110",
          "schema_version": 0,
          "attributes": {
            "access": "Allow",
            "description": "",
            "destination_address_prefix": "*",
            "destination_address_prefixes": null,
            "destination_application_security_group_ids": null,
            "destination_port_range": "443",
            "destination_port_ranges": null,
            "direction": "Inbound",
            "id": "/subscriptions/30ac425c-ea17-4b90-badf-2af77b724338/resourceGroups/hr-dev-rg-fudgne/providers/Microsoft.Network/networkSecurityGroups/hr-dev-vnet-websubnet-nsg/securityRules/Rule-Port-443",
            "name": "Rule-Port-443",
            "network_security_group_name": "hr-dev-vnet-websubnet-nsg",
            "priority": 110,
            "protocol": "Tcp",
            "resource_group_name": "hr-dev-rg-fudgne",
            "source_address_prefix": "*",
            "source_address_prefixes": null,
            "source_application_security_group_ids": null,
            "source_port_range": "*",
            "source_port_ranges": null,
            "timeouts": null
          },
          "sensitive_attributes": [],
          "private": "eyJlMmJmYjczMC1lY2FhLTExZTYtOGY4OC0zNDM2M2JjN2M0YzAiOnsiY3JlYXRlIjoxODAwMDAwMDAwMDAwLCJkZWxldGUiOjE4MDAwMDAwMDAwMDAsInJlYWQiOjMwMDAwMDAwMDAwMCwidXBkYXRlIjoxODAwMDAwMDAwMDAwfX0=",
          "dependencies": [
            "azurerm_network_security_group.web_subnet_nsg",
            "azurerm_resource_group.rg",
            "azurerm_subnet.websubnet",
            "azurerm_virtual_network.vnet",
            "random_string.myrandom"
          ]
        },
        {
          "index_key": "120",
          "schema_version": 0,
          "attributes": {
            "access": "Allow",
            "description": "",
            "destination_address_prefix": "*",
            "destination_address_prefixes": null,
            "destination_application_security_group_ids": null,
            "destination_port_range": "22",
            "destination_port_ranges": null,
            "direction": "Inbound",
            "id": "/subscriptions/30ac425c-ea17-4b90-badf-2af77b724338/resourceGroups/hr-dev-rg-fudgne/providers/Microsoft.Network/networkSecurityGroups/hr-dev-vnet-websubnet-nsg/securityRules/Rule-Port-22",
            "name": "Rule-Port-22",
            "network_security_group_name": "hr-dev-vnet-websubnet-nsg",
            "priority": 120,
            "protocol": "Tcp",
            "resource_group_name": "hr-dev-rg-fudgne",
            "source_address_prefix": "*",
            "source_address_prefixes": null,
            "source_application_security_group_ids": null,
            "source_port_range": "*",
            "source_port_ranges": null,
            "timeouts": null
          },
          "sensitive_attributes": [],
          "private": "eyJlMmJmYjczMC1lY2FhLTExZTYtOGY4OC0zNDM2M2JjN2M0YzAiOnsiY3JlYXRlIjoxODAwMDAwMDAwMDAwLCJkZWxldGUiOjE4MDAwMDAwMDAwMDAsInJlYWQiOjMwMDAwMDAwMDAwMCwidXBkYXRlIjoxODAwMDAwMDAwMDAwfX0=",
          "dependencies": [
            "azurerm_network_security_group.web_subnet_nsg",
            "azurerm_resource_group.rg",
            "azurerm_subnet.websubnet",
            "azurerm_virtual_network.vnet",
            "random_string.myrandom"
          ]
        }
      ]
    },
    {
      "mode": "managed",
      "type": "azurerm_public_ip",
      "name": "bastion_host_publicip",
      "provider": "provider[\"registry.terraform.io/hashicorp/azurerm\"]",
      "instances": [
        {
          "schema_version": 0,
          "attributes": {
            "allocation_method": "Static",
            "domain_name_label": null,
            "edge_zone": "",
            "fqdn": null,
            "id": "/subscriptions/30ac425c-ea17-4b90-badf-2af77b724338/resourceGroups/hr-dev-rg-fudgne/providers/Microsoft.Network/publicIPAddresses/hr-dev-bastion-host-publicip",
            "idle_timeout_in_minutes": 4,
            "ip_address": "40.69.153.244",
            "ip_tags": null,
            "ip_version": "IPv4",
            "location": "centralus",
            "name": "hr-dev-bastion-host-publicip",
            "public_ip_prefix_id": null,
            "resource_group_name": "hr-dev-rg-fudgne",
            "reverse_fqdn": null,
            "sku": "Standard",
            "sku_tier": "Regional",
            "tags": null,
            "timeouts": null,
            "zones": null
          },
          "sensitive_attributes": [],
          "private": "eyJlMmJmYjczMC1lY2FhLTExZTYtOGY4OC0zNDM2M2JjN2M0YzAiOnsiY3JlYXRlIjoxODAwMDAwMDAwMDAwLCJkZWxldGUiOjE4MDAwMDAwMDAwMDAsInJlYWQiOjMwMDAwMDAwMDAwMCwidXBkYXRlIjoxODAwMDAwMDAwMDAwfX0=",
          "dependencies": [
            "azurerm_resource_group.rg",
            "random_string.myrandom"
          ]
        }
      ]
    },
    {
      "mode": "managed",
      "type": "azurerm_public_ip",
      "name": "web_lbpublicip",
      "provider": "provider[\"registry.terraform.io/hashicorp/azurerm\"]",
      "instances": [
        {
          "schema_version": 0,
          "attributes": {
            "allocation_method": "Static",
            "domain_name_label": null,
            "edge_zone": "",
            "fqdn": null,
            "id": "/subscriptions/30ac425c-ea17-4b90-badf-2af77b724338/resourceGroups/hr-dev-rg-fudgne/providers/Microsoft.Network/publicIPAddresses/hr-dev-lbpublicip",
            "idle_timeout_in_minutes": 4,
            "ip_address": "52.165.0.228",
            "ip_tags": null,
            "ip_version": "IPv4",
            "location": "centralus",
            "name": "hr-dev-lbpublicip",
            "public_ip_prefix_id": null,
            "resource_group_name": "hr-dev-rg-fudgne",
            "reverse_fqdn": null,
            "sku": "Standard",
            "sku_tier": "Regional",
            "tags": {
              "environment": "dev",
              "owners": "hr"
            },
            "timeouts": null,
            "zones": null
          },
          "sensitive_attributes": [],
          "private": "eyJlMmJmYjczMC1lY2FhLTExZTYtOGY4OC0zNDM2M2JjN2M0YzAiOnsiY3JlYXRlIjoxODAwMDAwMDAwMDAwLCJkZWxldGUiOjE4MDAwMDAwMDAwMDAsInJlYWQiOjMwMDAwMDAwMDAwMCwidXBkYXRlIjoxODAwMDAwMDAwMDAwfX0=",
          "dependencies": [
            "azurerm_resource_group.rg",
            "random_string.myrandom"
          ]
        }
      ]
    },
    {
      "mode": "managed",
      "type": "azurerm_resource_group",
      "name": "rg",
      "provider": "provider[\"registry.terraform.io/hashicorp/azurerm\"]",
      "instances": [
        {
          "schema_version": 0,
          "attributes": {
            "id": "/subscriptions/30ac425c-ea17-4b90-badf-2af77b724338/resourceGroups/hr-dev-rg-fudgne",
            "location": "centralus",
            "name": "hr-dev-rg-fudgne",
            "tags": {
              "environment": "dev",
              "owners": "hr"
            },
            "timeouts": null
          },
          "sensitive_attributes": [],
          "private": "eyJlMmJmYjczMC1lY2FhLTExZTYtOGY4OC0zNDM2M2JjN2M0YzAiOnsiY3JlYXRlIjo1NDAwMDAwMDAwMDAwLCJkZWxldGUiOjU0MDAwMDAwMDAwMDAsInJlYWQiOjMwMDAwMDAwMDAwMCwidXBkYXRlIjo1NDAwMDAwMDAwMDAwfX0=",
          "dependencies": [
            "random_string.myrandom"
          ]
        }
      ]
    },
    {
      "mode": "managed",
      "type": "azurerm_subnet",
      "name": "appsubnet",
      "provider": "provider[\"registry.terraform.io/hashicorp/azurerm\"]",
      "instances": [
        {
          "schema_version": 0,
          "attributes": {
            "address_prefixes": [
              "10.1.11.0/24"
            ],
            "delegation": [],
            "enforce_private_link_endpoint_network_policies": false,
            "enforce_private_link_service_network_policies": false,
            "id": "/subscriptions/30ac425c-ea17-4b90-badf-2af77b724338/resourceGroups/hr-dev-rg-fudgne/providers/Microsoft.Network/virtualNetworks/hr-dev-vnet/subnets/hr-dev-vnet-appsubnet",
            "name": "hr-dev-vnet-appsubnet",
            "resource_group_name": "hr-dev-rg-fudgne",
            "service_endpoint_policy_ids": null,
            "service_endpoints": null,
            "timeouts": null,
            "virtual_network_name": "hr-dev-vnet"
          },
          "sensitive_attributes": [],
          "private": "eyJlMmJmYjczMC1lY2FhLTExZTYtOGY4OC0zNDM2M2JjN2M0YzAiOnsiY3JlYXRlIjoxODAwMDAwMDAwMDAwLCJkZWxldGUiOjE4MDAwMDAwMDAwMDAsInJlYWQiOjMwMDAwMDAwMDAwMCwidXBkYXRlIjoxODAwMDAwMDAwMDAwfX0=",
          "dependencies": [
            "azurerm_resource_group.rg",
            "azurerm_virtual_network.vnet",
            "random_string.myrandom"
          ]
        }
      ]
    },
    {
      "mode": "managed",
      "type": "azurerm_subnet",
      "name": "bastionsubnet",
      "provider": "provider[\"registry.terraform.io/hashicorp/azurerm\"]",
      "instances": [
        {
          "schema_version": 0,
          "attributes": {
            "address_prefixes": [
              "10.1.100.0/24"
            ],
            "delegation": [],
            "enforce_private_link_endpoint_network_policies": false,
            "enforce_private_link_service_network_policies": false,
            "id": "/subscriptions/30ac425c-ea17-4b90-badf-2af77b724338/resourceGroups/hr-dev-rg-fudgne/providers/Microsoft.Network/virtualNetworks/hr-dev-vnet/subnets/hr-dev-vnet-bastionsubnet",
            "name": "hr-dev-vnet-bastionsubnet",
            "resource_group_name": "hr-dev-rg-fudgne",
            "service_endpoint_policy_ids": null,
            "service_endpoints": null,
            "timeouts": null,
            "virtual_network_name": "hr-dev-vnet"
          },
          "sensitive_attributes": [],
          "private": "eyJlMmJmYjczMC1lY2FhLTExZTYtOGY4OC0zNDM2M2JjN2M0YzAiOnsiY3JlYXRlIjoxODAwMDAwMDAwMDAwLCJkZWxldGUiOjE4MDAwMDAwMDAwMDAsInJlYWQiOjMwMDAwMDAwMDAwMCwidXBkYXRlIjoxODAwMDAwMDAwMDAwfX0=",
          "dependencies": [
            "azurerm_resource_group.rg",
            "azurerm_virtual_network.vnet",
            "random_string.myrandom"
          ]
        }
      ]
    },
    {
      "mode": "managed",
      "type": "azurerm_subnet",
      "name": "dbsubnet",
      "provider": "provider[\"registry.terraform.io/hashicorp/azurerm\"]",
      "instances": [
        {
          "schema_version": 0,
          "attributes": {
            "address_prefixes": [
              "10.1.21.0/24"
            ],
            "delegation": [],
            "enforce_private_link_endpoint_network_policies": false,
            "enforce_private_link_service_network_policies": false,
            "id": "/subscriptions/30ac425c-ea17-4b90-badf-2af77b724338/resourceGroups/hr-dev-rg-fudgne/providers/Microsoft.Network/virtualNetworks/hr-dev-vnet/subnets/hr-dev-vnet-dbsubnet",
            "name": "hr-dev-vnet-dbsubnet",
            "resource_group_name": "hr-dev-rg-fudgne",
            "service_endpoint_policy_ids": null,
            "service_endpoints": null,
            "timeouts": null,
            "virtual_network_name": "hr-dev-vnet"
          },
          "sensitive_attributes": [],
          "private": "eyJlMmJmYjczMC1lY2FhLTExZTYtOGY4OC0zNDM2M2JjN2M0YzAiOnsiY3JlYXRlIjoxODAwMDAwMDAwMDAwLCJkZWxldGUiOjE4MDAwMDAwMDAwMDAsInJlYWQiOjMwMDAwMDAwMDAwMCwidXBkYXRlIjoxODAwMDAwMDAwMDAwfX0=",
          "dependencies": [
            "azurerm_resource_group.rg",
            "azurerm_virtual_network.vnet",
            "random_string.myrandom"
          ]
        }
      ]
    },
    {
      "mode": "managed",
      "type": "azurerm_subnet",
      "name": "websubnet",
      "provider": "provider[\"registry.terraform.io/hashicorp/azurerm\"]",
      "instances": [
        {
          "schema_version": 0,
          "attributes": {
            "address_prefixes": [
              "10.1.1.0/24"
            ],
            "delegation": [],
            "enforce_private_link_endpoint_network_policies": false,
            "enforce_private_link_service_network_policies": false,
            "id": "/subscriptions/30ac425c-ea17-4b90-badf-2af77b724338/resourceGroups/hr-dev-rg-fudgne/providers/Microsoft.Network/virtualNetworks/hr-dev-vnet/subnets/hr-dev-vnet-websubnet",
            "name": "hr-dev-vnet-websubnet",
            "resource_group_name": "hr-dev-rg-fudgne",
            "service_endpoint_policy_ids": null,
            "service_endpoints": null,
            "timeouts": null,
            "virtual_network_name": "hr-dev-vnet"
          },
          "sensitive_attributes": [],
          "private": "eyJlMmJmYjczMC1lY2FhLTExZTYtOGY4OC0zNDM2M2JjN2M0YzAiOnsiY3JlYXRlIjoxODAwMDAwMDAwMDAwLCJkZWxldGUiOjE4MDAwMDAwMDAwMDAsInJlYWQiOjMwMDAwMDAwMDAwMCwidXBkYXRlIjoxODAwMDAwMDAwMDAwfX0=",
          "dependencies": [
            "azurerm_resource_group.rg",
            "azurerm_virtual_network.vnet",
            "random_string.myrandom"
          ]
        }
      ]
    },
    {
      "mode": "managed",
      "type": "azurerm_subnet_network_security_group_association",
      "name": "app_subnet_nsg_associate",
      "provider": "provider[\"registry.terraform.io/hashicorp/azurerm\"]",
      "instances": [
        {
          "schema_version": 0,
          "attributes": {
            "id": "/subscriptions/30ac425c-ea17-4b90-badf-2af77b724338/resourceGroups/hr-dev-rg-fudgne/providers/Microsoft.Network/virtualNetworks/hr-dev-vnet/subnets/hr-dev-vnet-appsubnet",
            "network_security_group_id": "/subscriptions/30ac425c-ea17-4b90-badf-2af77b724338/resourceGroups/hr-dev-rg-fudgne/providers/Microsoft.Network/networkSecurityGroups/hr-dev-vnet-appsubnet-nsg",
            "subnet_id": "/subscriptions/30ac425c-ea17-4b90-badf-2af77b724338/resourceGroups/hr-dev-rg-fudgne/providers/Microsoft.Network/virtualNetworks/hr-dev-vnet/subnets/hr-dev-vnet-appsubnet",
            "timeouts": null
          },
          "sensitive_attributes": [],
          "private": "eyJlMmJmYjczMC1lY2FhLTExZTYtOGY4OC0zNDM2M2JjN2M0YzAiOnsiY3JlYXRlIjoxODAwMDAwMDAwMDAwLCJkZWxldGUiOjE4MDAwMDAwMDAwMDAsInJlYWQiOjMwMDAwMDAwMDAwMCwidXBkYXRlIjoxODAwMDAwMDAwMDAwfX0=",
          "dependencies": [
            "azurerm_network_security_group.app_subnet_nsg",
            "azurerm_network_security_rule.app_nsg_rule_inbound",
            "azurerm_resource_group.rg",
            "azurerm_subnet.appsubnet",
            "azurerm_virtual_network.vnet",
            "random_string.myrandom"
          ]
        }
      ]
    },
    {
      "mode": "managed",
      "type": "azurerm_subnet_network_security_group_association",
      "name": "bastion_subnet_nsg_associate",
      "provider": "provider[\"registry.terraform.io/hashicorp/azurerm\"]",
      "instances": [
        {
          "schema_version": 0,
          "attributes": {
            "id": "/subscriptions/30ac425c-ea17-4b90-badf-2af77b724338/resourceGroups/hr-dev-rg-fudgne/providers/Microsoft.Network/virtualNetworks/hr-dev-vnet/subnets/hr-dev-vnet-bastionsubnet",
            "network_security_group_id": "/subscriptions/30ac425c-ea17-4b90-badf-2af77b724338/resourceGroups/hr-dev-rg-fudgne/providers/Microsoft.Network/networkSecurityGroups/hr-dev-vnet-bastionsubnet-nsg",
            "subnet_id": "/subscriptions/30ac425c-ea17-4b90-badf-2af77b724338/resourceGroups/hr-dev-rg-fudgne/providers/Microsoft.Network/virtualNetworks/hr-dev-vnet/subnets/hr-dev-vnet-bastionsubnet",
            "timeouts": null
          },
          "sensitive_attributes": [],
          "private": "eyJlMmJmYjczMC1lY2FhLTExZTYtOGY4OC0zNDM2M2JjN2M0YzAiOnsiY3JlYXRlIjoxODAwMDAwMDAwMDAwLCJkZWxldGUiOjE4MDAwMDAwMDAwMDAsInJlYWQiOjMwMDAwMDAwMDAwMCwidXBkYXRlIjoxODAwMDAwMDAwMDAwfX0=",
          "dependencies": [
            "azurerm_network_security_group.bastion_subnet_nsg",
            "azurerm_network_security_rule.bastion_nsg_rule_inbound",
            "azurerm_resource_group.rg",
            "azurerm_subnet.bastionsubnet",
            "azurerm_virtual_network.vnet",
            "random_string.myrandom"
          ]
        }
      ]
    },
    {
      "mode": "managed",
      "type": "azurerm_subnet_network_security_group_association",
      "name": "db_subnet_nsg_associate",
      "provider": "provider[\"registry.terraform.io/hashicorp/azurerm\"]",
      "instances": [
        {
          "schema_version": 0,
          "attributes": {
            "id": "/subscriptions/30ac425c-ea17-4b90-badf-2af77b724338/resourceGroups/hr-dev-rg-fudgne/providers/Microsoft.Network/virtualNetworks/hr-dev-vnet/subnets/hr-dev-vnet-dbsubnet",
            "network_security_group_id": "/subscriptions/30ac425c-ea17-4b90-badf-2af77b724338/resourceGroups/hr-dev-rg-fudgne/providers/Microsoft.Network/networkSecurityGroups/hr-dev-vnet-dbsubnet-nsg",
            "subnet_id": "/subscriptions/30ac425c-ea17-4b90-badf-2af77b724338/resourceGroups/hr-dev-rg-fudgne/providers/Microsoft.Network/virtualNetworks/hr-dev-vnet/subnets/hr-dev-vnet-dbsubnet",
            "timeouts": null
          },
          "sensitive_attributes": [],
          "private": "eyJlMmJmYjczMC1lY2FhLTExZTYtOGY4OC0zNDM2M2JjN2M0YzAiOnsiY3JlYXRlIjoxODAwMDAwMDAwMDAwLCJkZWxldGUiOjE4MDAwMDAwMDAwMDAsInJlYWQiOjMwMDAwMDAwMDAwMCwidXBkYXRlIjoxODAwMDAwMDAwMDAwfX0=",
          "dependencies": [
            "azurerm_network_security_group.db_subnet_nsg",
            "azurerm_network_security_rule.db_nsg_rule_inbound",
            "azurerm_resource_group.rg",
            "azurerm_subnet.dbsubnet",
            "azurerm_virtual_network.vnet",
            "random_string.myrandom"
          ]
        }
      ]
    },
    {
      "mode": "managed",
      "type": "azurerm_subnet_network_security_group_association",
      "name": "web_subnet_nsg_associate",
      "provider": "provider[\"registry.terraform.io/hashicorp/azurerm\"]",
      "instances": [
        {
          "schema_version": 0,
          "attributes": {
            "id": "/subscriptions/30ac425c-ea17-4b90-badf-2af77b724338/resourceGroups/hr-dev-rg-fudgne/providers/Microsoft.Network/virtualNetworks/hr-dev-vnet/subnets/hr-dev-vnet-websubnet",
            "network_security_group_id": "/subscriptions/30ac425c-ea17-4b90-badf-2af77b724338/resourceGroups/hr-dev-rg-fudgne/providers/Microsoft.Network/networkSecurityGroups/hr-dev-vnet-websubnet-nsg",
            "subnet_id": "/subscriptions/30ac425c-ea17-4b90-badf-2af77b724338/resourceGroups/hr-dev-rg-fudgne/providers/Microsoft.Network/virtualNetworks/hr-dev-vnet/subnets/hr-dev-vnet-websubnet",
            "timeouts": null
          },
          "sensitive_attributes": [],
          "private": "eyJlMmJmYjczMC1lY2FhLTExZTYtOGY4OC0zNDM2M2JjN2M0YzAiOnsiY3JlYXRlIjoxODAwMDAwMDAwMDAwLCJkZWxldGUiOjE4MDAwMDAwMDAwMDAsInJlYWQiOjMwMDAwMDAwMDAwMCwidXBkYXRlIjoxODAwMDAwMDAwMDAwfX0=",
          "dependencies": [
            "azurerm_network_security_group.web_subnet_nsg",
            "azurerm_network_security_rule.web_nsg_rule_inbound",
            "azurerm_resource_group.rg",
            "azurerm_subnet.websubnet",
            "azurerm_virtual_network.vnet",
            "random_string.myrandom"
          ]
        }
      ]
    },
    {
      "mode": "managed",
      "type": "azurerm_virtual_network",
      "name": "vnet",
      "provider": "provider[\"registry.terraform.io/hashicorp/azurerm\"]",
      "instances": [
        {
          "schema_version": 0,
          "attributes": {
            "address_space": [
              "10.1.0.0/16"
            ],
            "bgp_community": "",
            "ddos_protection_plan": [],
            "dns_servers": [],
            "edge_zone": "",
            "flow_timeout_in_minutes": 0,
            "guid": "13b41ec9-fee4-426b-b6d0-4a0cc3082de4",
            "id": "/subscriptions/30ac425c-ea17-4b90-badf-2af77b724338/resourceGroups/hr-dev-rg-fudgne/providers/Microsoft.Network/virtualNetworks/hr-dev-vnet",
            "location": "centralus",
            "name": "hr-dev-vnet",
            "resource_group_name": "hr-dev-rg-fudgne",
            "subnet": [],
            "tags": {
              "environment": "dev",
              "owners": "hr"
            },
            "timeouts": null
          },
          "sensitive_attributes": [],
          "private": "eyJlMmJmYjczMC1lY2FhLTExZTYtOGY4OC0zNDM2M2JjN2M0YzAiOnsiY3JlYXRlIjoxODAwMDAwMDAwMDAwLCJkZWxldGUiOjE4MDAwMDAwMDAwMDAsInJlYWQiOjMwMDAwMDAwMDAwMCwidXBkYXRlIjoxODAwMDAwMDAwMDAwfX0=",
          "dependencies": [
            "azurerm_resource_group.rg",
            "random_string.myrandom"
          ]
        }
      ]
    },
    {
      "mode": "managed",
      "type": "null_resource",
      "name": "name",
      "provider": "provider[\"registry.terraform.io/hashicorp/null\"]",
      "instances": []
    },
    {
      "mode": "managed",
      "type": "random_string",
      "name": "myrandom",
      "provider": "provider[\"registry.terraform.io/hashicorp/random\"]",
      "instances": [
        {
          "schema_version": 1,
          "attributes": {
            "id": "fudgne",
            "keepers": null,
            "length": 6,
            "lower": true,
            "min_lower": 0,
            "min_numeric": 0,
            "min_special": 0,
            "min_upper": 0,
            "number": false,
            "override_special": null,
            "result": "fudgne",
            "special": false,
            "upper": false
          },
          "sensitive_attributes": [],
          "private": "eyJzY2hlbWFfdmVyc2lvbiI6IjEifQ=="
        }
      ]
    }
  ]
}
